
Microsoft Visual Studio Solution File, Format Version 12.00
# Visual Studio 15
VisualStudioVersion = 15.0.34320.172
MinimumVisualStudioVersion = 10.0.40219.1
Project("{8BC9CEB8-8B4A-11D0-8D11-00A0C91BC942}") = "zig_enc_dec", "zig_enc_dec.vcxproj", "{735735CF-E84B-4AC0-9113-D86E49EE2FBE}"
EndProject
Global
	GlobalSection(SolutionConfigurationPlatforms) = preSolution
		Debug|x64 = Debug|x64
		Debug|x86 = Debug|x86
		Release|x64 = Release|x64
		Release|x86 = Release|x86
	EndGlobalSection
	GlobalSection(ProjectConfigurationPlatforms) = postSolution
		{735735CF-E84B-4AC0-9113-D86E49EE2FBE}.Debug|x64.ActiveCfg = Debug|x64
		{735735CF-E84B-4AC0-9113-D86E49EE2FBE}.Debug|x64.Build.0 = Debug|x64
		{735735CF-E84B-4AC0-9113-D86E49EE2FBE}.Debug|x86.ActiveCfg = Debug|Win32
		{735735CF-E84B-4AC0-9113-D86E49EE2FBE}.Debug|x86.Build.0 = Debug|Win32
		{735735CF-E84B-4AC0-9113-D86E49EE2FBE}.Release|x64.ActiveCfg = Release|x64
		{735735CF-E84B-4AC0-9113-D86E49EE2FBE}.Release|x64.Build.0 = Release|x64
		{735735CF-E84B-4AC0-9113-D86E49EE2FBE}.Release|x86.ActiveCfg = Release|Win32
		{735735CF-E84B-4AC0-9113-D86E49EE2FBE}.Release|x86.Build.0 = Release|Win32
	EndGlobalSection
	GlobalSection(SolutionProperties) = preSolution
		HideSolutionNode = FALSE
	EndGlobalSection
	GlobalSection(ExtensibilityGlobals) = postSolution
		SolutionGuid = {321CF749-2A69-4487-87F2-DC6D1AECA789}
	EndGlobalSection
EndGlobal
